
Microsoft Visual Studio Solution File, Format Version 12.00
# Visual Studio Version 17
VisualStudioVersion = 17.0.31903.59
MinimumVisualStudioVersion = 10.0.40219.1
Project("{FAE04EC0-301F-11D3-BF4B-00C04F79EFBC}") = "Qlearn.Application", "Qlearn.Application\Qlearn.Application.csproj", "{75ED9079-2B6B-47A7-BFE1-37270007F8CD}"
EndProject
Project("{FAE04EC0-301F-11D3-BF4B-00C04F79EFBC}") = "Qlearn.Domain", "Qlearn.Domain\Qlearn.Domain.csproj", "{7ED7C421-6DF7-4306-A245-156D85F3FBA9}"
EndProject
Project("{FAE04EC0-301F-11D3-BF4B-00C04F79EFBC}") = "Qlearn.Infrastructure", "Qlearn.Infrastructure\Qlearn.Infrastructure.csproj", "{FC89A385-E01A-4044-A2A2-B70C44014DB7}"
EndProject
Project("{FAE04EC0-301F-11D3-BF4B-00C04F79EFBC}") = "Qlearn.WebApi", "Qlearn.WebApi\Qlearn.WebApi.csproj", "{6F7D304C-0B96-45C0-8DBC-D18381E4D54D}"
EndProject
Project("{2150E333-8FDC-42A3-9474-1A3956D46DE8}") = "tests", "tests", "{49DD7C0B-03A0-4D14-B799-370B2A227571}"
EndProject
Project("{FAE04EC0-301F-11D3-BF4B-00C04F79EFBC}") = "Qlearn.Tests", "tests\Qlearn.Tests\Qlearn.Tests.csproj", "{23444EEA-3294-4C89-A8CE-8690274BCB8F}"
EndProject
Global
	GlobalSection(SolutionConfigurationPlatforms) = preSolution
		Debug|Any CPU = Debug|Any CPU
		Release|Any CPU = Release|Any CPU
	EndGlobalSection
	GlobalSection(SolutionProperties) = preSolution
		HideSolutionNode = FALSE
	EndGlobalSection
	GlobalSection(ProjectConfigurationPlatforms) = postSolution
		{75ED9079-2B6B-47A7-BFE1-37270007F8CD}.Debug|Any CPU.ActiveCfg = Debug|Any CPU
		{75ED9079-2B6B-47A7-BFE1-37270007F8CD}.Debug|Any CPU.Build.0 = Debug|Any CPU
		{75ED9079-2B6B-47A7-BFE1-37270007F8CD}.Release|Any CPU.ActiveCfg = Release|Any CPU
		{75ED9079-2B6B-47A7-BFE1-37270007F8CD}.Release|Any CPU.Build.0 = Release|Any CPU
		{7ED7C421-6DF7-4306-A245-156D85F3FBA9}.Debug|Any CPU.ActiveCfg = Debug|Any CPU
		{7ED7C421-6DF7-4306-A245-156D85F3FBA9}.Debug|Any CPU.Build.0 = Debug|Any CPU
		{7ED7C421-6DF7-4306-A245-156D85F3FBA9}.Release|Any CPU.ActiveCfg = Release|Any CPU
		{7ED7C421-6DF7-4306-A245-156D85F3FBA9}.Release|Any CPU.Build.0 = Release|Any CPU
		{FC89A385-E01A-4044-A2A2-B70C44014DB7}.Debug|Any CPU.ActiveCfg = Debug|Any CPU
		{FC89A385-E01A-4044-A2A2-B70C44014DB7}.Debug|Any CPU.Build.0 = Debug|Any CPU
		{FC89A385-E01A-4044-A2A2-B70C44014DB7}.Release|Any CPU.ActiveCfg = Release|Any CPU
		{FC89A385-E01A-4044-A2A2-B70C44014DB7}.Release|Any CPU.Build.0 = Release|Any CPU
		{6F7D304C-0B96-45C0-8DBC-D18381E4D54D}.Debug|Any CPU.ActiveCfg = Debug|Any CPU
		{6F7D304C-0B96-45C0-8DBC-D18381E4D54D}.Debug|Any CPU.Build.0 = Debug|Any CPU
		{6F7D304C-0B96-45C0-8DBC-D18381E4D54D}.Release|Any CPU.ActiveCfg = Release|Any CPU
		{6F7D304C-0B96-45C0-8DBC-D18381E4D54D}.Release|Any CPU.Build.0 = Release|Any CPU
		{23444EEA-3294-4C89-A8CE-8690274BCB8F}.Debug|Any CPU.ActiveCfg = Debug|Any CPU
		{23444EEA-3294-4C89-A8CE-8690274BCB8F}.Debug|Any CPU.Build.0 = Debug|Any CPU
		{23444EEA-3294-4C89-A8CE-8690274BCB8F}.Release|Any CPU.ActiveCfg = Release|Any CPU
		{23444EEA-3294-4C89-A8CE-8690274BCB8F}.Release|Any CPU.Build.0 = Release|Any CPU
	EndGlobalSection
	GlobalSection(NestedProjects) = preSolution
		{23444EEA-3294-4C89-A8CE-8690274BCB8F} = {49DD7C0B-03A0-4D14-B799-370B2A227571}
	EndGlobalSection
EndGlobal
